
Microsoft Visual Studio Solution File, Format Version 12.00
# Visual Studio Version 17
VisualStudioVersion = 17.6.33712.159
MinimumVisualStudioVersion = 10.0.40219.1
Project("{9A19103F-16F7-4668-BE54-9A1E7A4F7556}") = "CurriculumVitae", "CurriculumVitae.csproj", "{55C27BE8-E668-4891-825E-86287B09EEEE}"
EndProject
Global
	GlobalSection(SolutionConfigurationPlatforms) = preSolution
		Debug|Any CPU = Debug|Any CPU
		Release|Any CPU = Release|Any CPU
	EndGlobalSection
	GlobalSection(ProjectConfigurationPlatforms) = postSolution
		{55C27BE8-E668-4891-825E-86287B09EEEE}.Debug|Any CPU.ActiveCfg = Debug|Any CPU
		{55C27BE8-E668-4891-825E-86287B09EEEE}.Debug|Any CPU.Build.0 = Debug|Any CPU
		{55C27BE8-E668-4891-825E-86287B09EEEE}.Release|Any CPU.ActiveCfg = Release|Any CPU
		{55C27BE8-E668-4891-825E-86287B09EEEE}.Release|Any CPU.Build.0 = Release|Any CPU
	EndGlobalSection
	GlobalSection(SolutionProperties) = preSolution
		HideSolutionNode = FALSE
	EndGlobalSection
	GlobalSection(ExtensibilityGlobals) = postSolution
		SolutionGuid = {0545770D-5697-43D3-819F-74B6CCE3F396}
	EndGlobalSection
EndGlobal
